
Microsoft Visual Studio Solution File, Format Version 12.00
# Visual Studio Version 17
VisualStudioVersion = 17.5.33424.131
MinimumVisualStudioVersion = 10.0.40219.1
Project("{9A19103F-16F7-4668-BE54-9A1E7A4F7556}") = "PrintingOffice.Domain", "Roaming.Backend\Roaming.Domain\PrintingOffice.Domain.csproj", "{4A3DFE5A-4739-4679-87D4-E6462BC90141}"
EndProject
Project("{9A19103F-16F7-4668-BE54-9A1E7A4F7556}") = "PrintingOffice.Application", "Roaming.Backend\Roaming.Application\PrintingOffice.Application.csproj", "{85C7DE5E-3DE5-4AF9-9AA1-62501F0EB84B}"
EndProject
Project("{9A19103F-16F7-4668-BE54-9A1E7A4F7556}") = "PrintingOffice.Persistence", "Roaming.Backend\Roamin.Persistence\PrintingOffice.Persistence.csproj", "{A15A78AA-607F-4F38-ACE0-96BE63E57EE7}"
EndProject
Project("{9A19103F-16F7-4668-BE54-9A1E7A4F7556}") = "PrintingOffice.View", "PrintingOffice.View\PrintingOffice.View.csproj", "{4E3ACCD4-D005-4D45-B7B5-7371067C9D65}"
EndProject
Project("{2150E333-8FDC-42A3-9474-1A3956D46DE8}") = "Core", "Core", "{F2F9FE67-842A-40B9-8D27-3628174CC7E4}"
EndProject
Project("{2150E333-8FDC-42A3-9474-1A3956D46DE8}") = "External", "External", "{0EA15E65-FD25-4B54-8C7D-34F2751FF28A}"
EndProject
Global
	GlobalSection(SolutionConfigurationPlatforms) = preSolution
		Debug|Any CPU = Debug|Any CPU
		Release|Any CPU = Release|Any CPU
	EndGlobalSection
	GlobalSection(ProjectConfigurationPlatforms) = postSolution
		{4A3DFE5A-4739-4679-87D4-E6462BC90141}.Debug|Any CPU.ActiveCfg = Debug|Any CPU
		{4A3DFE5A-4739-4679-87D4-E6462BC90141}.Debug|Any CPU.Build.0 = Debug|Any CPU
		{4A3DFE5A-4739-4679-87D4-E6462BC90141}.Release|Any CPU.ActiveCfg = Release|Any CPU
		{4A3DFE5A-4739-4679-87D4-E6462BC90141}.Release|Any CPU.Build.0 = Release|Any CPU
		{85C7DE5E-3DE5-4AF9-9AA1-62501F0EB84B}.Debug|Any CPU.ActiveCfg = Debug|Any CPU
		{85C7DE5E-3DE5-4AF9-9AA1-62501F0EB84B}.Debug|Any CPU.Build.0 = Debug|Any CPU
		{85C7DE5E-3DE5-4AF9-9AA1-62501F0EB84B}.Release|Any CPU.ActiveCfg = Release|Any CPU
		{85C7DE5E-3DE5-4AF9-9AA1-62501F0EB84B}.Release|Any CPU.Build.0 = Release|Any CPU
		{A15A78AA-607F-4F38-ACE0-96BE63E57EE7}.Debug|Any CPU.ActiveCfg = Debug|Any CPU
		{A15A78AA-607F-4F38-ACE0-96BE63E57EE7}.Debug|Any CPU.Build.0 = Debug|Any CPU
		{A15A78AA-607F-4F38-ACE0-96BE63E57EE7}.Release|Any CPU.ActiveCfg = Release|Any CPU
		{A15A78AA-607F-4F38-ACE0-96BE63E57EE7}.Release|Any CPU.Build.0 = Release|Any CPU
		{4E3ACCD4-D005-4D45-B7B5-7371067C9D65}.Debug|Any CPU.ActiveCfg = Debug|Any CPU
		{4E3ACCD4-D005-4D45-B7B5-7371067C9D65}.Debug|Any CPU.Build.0 = Debug|Any CPU
		{4E3ACCD4-D005-4D45-B7B5-7371067C9D65}.Release|Any CPU.ActiveCfg = Release|Any CPU
		{4E3ACCD4-D005-4D45-B7B5-7371067C9D65}.Release|Any CPU.Build.0 = Release|Any CPU
	EndGlobalSection
	GlobalSection(SolutionProperties) = preSolution
		HideSolutionNode = FALSE
	EndGlobalSection
	GlobalSection(NestedProjects) = preSolution
		{4A3DFE5A-4739-4679-87D4-E6462BC90141} = {F2F9FE67-842A-40B9-8D27-3628174CC7E4}
		{85C7DE5E-3DE5-4AF9-9AA1-62501F0EB84B} = {F2F9FE67-842A-40B9-8D27-3628174CC7E4}
		{A15A78AA-607F-4F38-ACE0-96BE63E57EE7} = {0EA15E65-FD25-4B54-8C7D-34F2751FF28A}
		{4E3ACCD4-D005-4D45-B7B5-7371067C9D65} = {0EA15E65-FD25-4B54-8C7D-34F2751FF28A}
	EndGlobalSection
	GlobalSection(ExtensibilityGlobals) = postSolution
		SolutionGuid = {87A62E99-FB88-4A56-83E4-39532D293116}
	EndGlobalSection
EndGlobal
